
Microsoft Visual Studio Solution File, Format Version 12.00
# Visual Studio Version 17
VisualStudioVersion = 17.4.33103.184
MinimumVisualStudioVersion = 10.0.40219.1
Project("{FAE04EC0-301F-11D3-BF4B-00C04F79EFBC}") = "SharePointApp", "SharePointApp\SharePointApp.csproj", "{418544E4-CAFE-4D99-97C1-0FEB209008B7}"
EndProject
Global
	GlobalSection(SolutionConfigurationPlatforms) = preSolution
		Debug|Any CPU = Debug|Any CPU
		Release|Any CPU = Release|Any CPU
	EndGlobalSection
	GlobalSection(ProjectConfigurationPlatforms) = postSolution
		{418544E4-CAFE-4D99-97C1-0FEB209008B7}.Debug|Any CPU.ActiveCfg = Debug|Any CPU
		{418544E4-CAFE-4D99-97C1-0FEB209008B7}.Debug|Any CPU.Build.0 = Debug|Any CPU
		{418544E4-CAFE-4D99-97C1-0FEB209008B7}.Release|Any CPU.ActiveCfg = Release|Any CPU
		{418544E4-CAFE-4D99-97C1-0FEB209008B7}.Release|Any CPU.Build.0 = Release|Any CPU
	EndGlobalSection
	GlobalSection(SolutionProperties) = preSolution
		HideSolutionNode = FALSE
	EndGlobalSection
	GlobalSection(ExtensibilityGlobals) = postSolution
		SolutionGuid = {9BCD278E-84E7-4A00-8C0E-2E425BC6233F}
	EndGlobalSection
EndGlobal
